
Microsoft Visual Studio Solution File, Format Version 12.00
# Visual Studio 15
VisualStudioVersion = 15.0.28306.52
MinimumVisualStudioVersion = 10.0.40219.1
Project("{FAE04EC0-301F-11D3-BF4B-00C04F79EFBC}") = "Communer", "Communer\Communer.csproj", "{9749D5D1-A92D-4894-95D1-1745F0E8A04F}"
EndProject
Project("{FAE04EC0-301F-11D3-BF4B-00C04F79EFBC}") = "Communer.Core", "Communer.Core\Communer.Core.csproj", "{BC37986C-2461-4454-8576-790AE157C51F}"
EndProject
Project("{FAE04EC0-301F-11D3-BF4B-00C04F79EFBC}") = "Communer.Core.Models", "Communer.Models\Communer.Core.Models.csproj", "{ECB2CB5E-3367-465E-A754-33D02CE4FB4A}"
EndProject
Global
	GlobalSection(SolutionConfigurationPlatforms) = preSolution
		Debug|Any CPU = Debug|Any CPU
		Release|Any CPU = Release|Any CPU
	EndGlobalSection
	GlobalSection(ProjectConfigurationPlatforms) = postSolution
		{9749D5D1-A92D-4894-95D1-1745F0E8A04F}.Debug|Any CPU.ActiveCfg = Debug|Any CPU
		{9749D5D1-A92D-4894-95D1-1745F0E8A04F}.Debug|Any CPU.Build.0 = Debug|Any CPU
		{9749D5D1-A92D-4894-95D1-1745F0E8A04F}.Release|Any CPU.ActiveCfg = Release|Any CPU
		{9749D5D1-A92D-4894-95D1-1745F0E8A04F}.Release|Any CPU.Build.0 = Release|Any CPU
		{BC37986C-2461-4454-8576-790AE157C51F}.Debug|Any CPU.ActiveCfg = Debug|Any CPU
		{BC37986C-2461-4454-8576-790AE157C51F}.Debug|Any CPU.Build.0 = Debug|Any CPU
		{BC37986C-2461-4454-8576-790AE157C51F}.Release|Any CPU.ActiveCfg = Release|Any CPU
		{BC37986C-2461-4454-8576-790AE157C51F}.Release|Any CPU.Build.0 = Release|Any CPU
		{ECB2CB5E-3367-465E-A754-33D02CE4FB4A}.Debug|Any CPU.ActiveCfg = Debug|Any CPU
		{ECB2CB5E-3367-465E-A754-33D02CE4FB4A}.Debug|Any CPU.Build.0 = Debug|Any CPU
		{ECB2CB5E-3367-465E-A754-33D02CE4FB4A}.Release|Any CPU.ActiveCfg = Release|Any CPU
		{ECB2CB5E-3367-465E-A754-33D02CE4FB4A}.Release|Any CPU.Build.0 = Release|Any CPU
	EndGlobalSection
	GlobalSection(SolutionProperties) = preSolution
		HideSolutionNode = FALSE
	EndGlobalSection
	GlobalSection(ExtensibilityGlobals) = postSolution
		SolutionGuid = {0FB93106-8F22-419C-8F71-B0AB2413AAD7}
	EndGlobalSection
EndGlobal
